
Microsoft Visual Studio Solution File, Format Version 12.00
# Visual Studio 15
Project("{FAE04EC0-301F-11D3-BF4B-00C04F79EFBC}") = "Assembly-CSharp", "Assembly-CSharp.csproj", "{4502DF6D-B2D2-A991-0B01-0606C0501823}"
EndProject
Project("{FAE04EC0-301F-11D3-BF4B-00C04F79EFBC}") = "Assembly-CSharp-firstpass", "Assembly-CSharp-firstpass.csproj", "{0C4414C1-E80C-CE2E-B4ED-E9C83FFA889D}"
EndProject
Global
	GlobalSection(SolutionConfigurationPlatforms) = preSolution
		Debug|Any CPU = Debug|Any CPU
		Release|Any CPU = Release|Any CPU
	EndGlobalSection
	GlobalSection(ProjectConfigurationPlatforms) = postSolution
		{4502DF6D-B2D2-A991-0B01-0606C0501823}.Debug|Any CPU.ActiveCfg = Debug|Any CPU
		{4502DF6D-B2D2-A991-0B01-0606C0501823}.Debug|Any CPU.Build.0 = Debug|Any CPU
		{4502DF6D-B2D2-A991-0B01-0606C0501823}.Release|Any CPU.ActiveCfg = Release|Any CPU
		{4502DF6D-B2D2-A991-0B01-0606C0501823}.Release|Any CPU.Build.0 = Release|Any CPU
		{0C4414C1-E80C-CE2E-B4ED-E9C83FFA889D}.Debug|Any CPU.ActiveCfg = Debug|Any CPU
		{0C4414C1-E80C-CE2E-B4ED-E9C83FFA889D}.Debug|Any CPU.Build.0 = Debug|Any CPU
		{0C4414C1-E80C-CE2E-B4ED-E9C83FFA889D}.Release|Any CPU.ActiveCfg = Release|Any CPU
		{0C4414C1-E80C-CE2E-B4ED-E9C83FFA889D}.Release|Any CPU.Build.0 = Release|Any CPU
	EndGlobalSection
	GlobalSection(SolutionProperties) = preSolution
		HideSolutionNode = FALSE
	EndGlobalSection
EndGlobal
